// !$*UTF8*$!
{
	archiveVersion = 1;
	classes = {
	};
	objectVersion = 46;
	objects = {

/* Begin PBXBuildFile section */
		DA9769A51C7402F400BAD5B3 /* main.m in Sources */ = {isa = PBXBuildFile; fileRef = DA9769A41C7402F400BAD5B3 /* main.m */; };
		DA9769A81C7402F400BAD5B3 /* AppDelegate.m in Sources */ = {isa = PBXBuildFile; fileRef = DA9769A71C7402F400BAD5B3 /* AppDelegate.m */; };
		DA9769AB1C7402F400BAD5B3 /* ViewController.m in Sources */ = {isa = PBXBuildFile; fileRef = DA9769AA1C7402F400BAD5B3 /* ViewController.m */; };
		DA9769AE1C7402F400BAD5B3 /* Main.storyboard in Resources */ = {isa = PBXBuildFile; fileRef = DA9769AC1C7402F400BAD5B3 /* Main.storyboard */; };
		DA9769B01C7402F400BAD5B3 /* Assets.xcassets in Resources */ = {isa = PBXBuildFile; fileRef = DA9769AF1C7402F400BAD5B3 /* Assets.xcassets */; };
		DA9769B31C7402F400BAD5B3 /* LaunchScreen.storyboard in Resources */ = {isa = PBXBuildFile; fileRef = DA9769B11C7402F400BAD5B3 /* LaunchScreen.storyboard */; };
		DA9769BE1C7402F400BAD5B3 /* MXAlertViewDemoTests.m in Sources */ = {isa = PBXBuildFile; fileRef = DA9769BD1C7402F400BAD5B3 /* MXAlertViewDemoTests.m */; };
		DA9769C91C7402F400BAD5B3 /* MXAlertViewDemoUITests.m in Sources */ = {isa = PBXBuildFile; fileRef = DA9769C81C7402F400BAD5B3 /* MXAlertViewDemoUITests.m */; };
		DA976A0A1C7405C700BAD5B3 /* error.png in Resources */ = {isa = PBXBuildFile; fileRef = DA9769FF1C7405C700BAD5B3 /* error.png */; };
		DA976A0B1C7405C700BAD5B3 /* error@2x.png in Resources */ = {isa = PBXBuildFile; fileRef = DA976A001C7405C700BAD5B3 /* error@2x.png */; };
		DA976A0C1C7405C700BAD5B3 /* error@3x.png in Resources */ = {isa = PBXBuildFile; fileRef = DA976A011C7405C700BAD5B3 /* error@3x.png */; };
		DA976A0D1C7405C700BAD5B3 /* info.png in Resources */ = {isa = PBXBuildFile; fileRef = DA976A021C7405C700BAD5B3 /* info.png */; };
		DA976A0E1C7405C700BAD5B3 /* info@2x.png in Resources */ = {isa = PBXBuildFile; fileRef = DA976A031C7405C700BAD5B3 /* info@2x.png */; };
		DA976A0F1C7405C700BAD5B3 /* info@3x.png in Resources */ = {isa = PBXBuildFile; fileRef = DA976A041C7405C700BAD5B3 /* info@3x.png */; };
		DA976A101C7405C700BAD5B3 /* success.png in Resources */ = {isa = PBXBuildFile; fileRef = DA976A051C7405C700BAD5B3 /* success.png */; };
		DA976A111C7405C700BAD5B3 /* success@2x.png in Resources */ = {isa = PBXBuildFile; fileRef = DA976A061C7405C700BAD5B3 /* success@2x.png */; };
		DA976A121C7405C700BAD5B3 /* success@3x.png in Resources */ = {isa = PBXBuildFile; fileRef = DA976A071C7405C700BAD5B3 /* success@3x.png */; };
		DA976A131C7405C700BAD5B3 /* MXAlertView.m in Sources */ = {isa = PBXBuildFile; fileRef = DA976A091C7405C700BAD5B3 /* MXAlertView.m */; };
		DA976A171C74090F00BAD5B3 /* get.png in Resources */ = {isa = PBXBuildFile; fileRef = DA976A141C74090F00BAD5B3 /* get.png */; };
		DA976A181C74090F00BAD5B3 /* get@2x.png in Resources */ = {isa = PBXBuildFile; fileRef = DA976A151C74090F00BAD5B3 /* get@2x.png */; };
		DA976A191C74090F00BAD5B3 /* get@3x.png in Resources */ = {isa = PBXBuildFile; fileRef = DA976A161C74090F00BAD5B3 /* get@3x.png */; };
		DA976A1D1C740EC700BAD5B3 /* scan.png in Resources */ = {isa = PBXBuildFile; fileRef = DA976A1A1C740EC700BAD5B3 /* scan.png */; };
		DA976A1E1C740EC700BAD5B3 /* scan@2x.png in Resources */ = {isa = PBXBuildFile; fileRef = DA976A1B1C740EC700BAD5B3 /* scan@2x.png */; };
		DA976A1F1C740EC700BAD5B3 /* scan@3x.png in Resources */ = {isa = PBXBuildFile; fileRef = DA976A1C1C740EC700BAD5B3 /* scan@3x.png */; };
/* End PBXBuildFile section */

/* Begin PBXContainerItemProxy section */
		DA9769BA1C7402F400BAD5B3 /* PBXContainerItemProxy */ = {
			isa = PBXContainerItemProxy;
			containerPortal = DA9769981C7402F400BAD5B3 /* Project object */;
			proxyType = 1;
			remoteGlobalIDString = DA97699F1C7402F400BAD5B3;
			remoteInfo = MXAlertViewDemo;
		};
		DA9769C51C7402F400BAD5B3 /* PBXContainerItemProxy */ = {
			isa = PBXContainerItemProxy;
			containerPortal = DA9769981C7402F400BAD5B3 /* Project object */;
			proxyType = 1;
			remoteGlobalIDString = DA97699F1C7402F400BAD5B3;
			remoteInfo = MXAlertViewDemo;
		};
/* End PBXContainerItemProxy section */

/* Begin PBXFileReference section */
		DA9769A01C7402F400BAD5B3 /* MXAlertViewDemo.app */ = {isa = PBXFileReference; explicitFileType = wrapper.application; includeInIndex = 0; path = MXAlertViewDemo.app; sourceTree = BUILT_PRODUCTS_DIR; };
		DA9769A41C7402F400BAD5B3 /* main.m */ = {isa = PBXFileReference; lastKnownFileType = sourcecode.c.objc; path = main.m; sourceTree = "<group>"; };
		DA9769A61C7402F400BAD5B3 /* AppDelegate.h */ = {isa = PBXFileReference; lastKnownFileType = sourcecode.c.h; path = AppDelegate.h; sourceTree = "<group>"; };
		DA9769A71C7402F400BAD5B3 /* AppDelegate.m */ = {isa = PBXFileReference; lastKnownFileType = sourcecode.c.objc; path = AppDelegate.m; sourceTree = "<group>"; };
		DA9769A91C7402F400BAD5B3 /* ViewController.h */ = {isa = PBXFileReference; lastKnownFileType = sourcecode.c.h; path = ViewController.h; sourceTree = "<group>"; };
		DA9769AA1C7402F400BAD5B3 /* ViewController.m */ = {isa = PBXFileReference; lastKnownFileType = sourcecode.c.objc; path = ViewController.m; sourceTree = "<group>"; };
		DA9769AD1C7402F400BAD5B3 /* Base */ = {isa = PBXFileReference; lastKnownFileType = file.storyboard; name = Base; path = Base.lproj/Main.storyboard; sourceTree = "<group>"; };
		DA9769AF1C7402F400BAD5B3 /* Assets.xcassets */ = {isa = PBXFileReference; lastKnownFileType = folder.assetcatalog; path = Assets.xcassets; sourceTree = "<group>"; };
		DA9769B21C7402F400BAD5B3 /* Base */ = {isa = PBXFileReference; lastKnownFileType = file.storyboard; name = Base; path = Base.lproj/LaunchScreen.storyboard; sourceTree = "<group>"; };
		DA9769B41C7402F400BAD5B3 /* Info.plist */ = {isa = PBXFileReference; lastKnownFileType = text.plist.xml; path = Info.plist; sourceTree = "<group>"; };
		DA9769B91C7402F400BAD5B3 /* MXAlertViewDemoTests.xctest */ = {isa = PBXFileReference; explicitFileType = wrapper.cfbundle; includeInIndex = 0; path = MXAlertViewDemoTests.xctest; sourceTree = BUILT_PRODUCTS_DIR; };
		DA9769BD1C7402F400BAD5B3 /* MXAlertViewDemoTests.m */ = {isa = PBXFileReference; lastKnownFileType = sourcecode.c.objc; path = MXAlertViewDemoTests.m; sourceTree = "<group>"; };
		DA9769BF1C7402F400BAD5B3 /* Info.plist */ = {isa = PBXFileReference; lastKnownFileType = text.plist.xml; path = Info.plist; sourceTree = "<group>"; };
		DA9769C41C7402F400BAD5B3 /* MXAlertViewDemoUITests.xctest */ = {isa = PBXFileReference; explicitFileType = wrapper.cfbundle; includeInIndex = 0; path = MXAlertViewDemoUITests.xctest; sourceTree = BUILT_PRODUCTS_DIR; };
		DA9769C81C7402F400BAD5B3 /* MXAlertViewDemoUITests.m */ = {isa = PBXFileReference; lastKnownFileType = sourcecode.c.objc; path = MXAlertViewDemoUITests.m; sourceTree = "<group>"; };
		DA9769CA1C7402F400BAD5B3 /* Info.plist */ = {isa = PBXFileReference; lastKnownFileType = text.plist.xml; path = Info.plist; sourceTree = "<group>"; };
		DA9769FF1C7405C700BAD5B3 /* error.png */ = {isa = PBXFileReference; lastKnownFileType = image.png; path = error.png; sourceTree = "<group>"; };
		DA976A001C7405C700BAD5B3 /* error@2x.png */ = {isa = PBXFileReference; lastKnownFileType = image.png; path = "error@2x.png"; sourceTree = "<group>"; };
		DA976A011C7405C700BAD5B3 /* error@3x.png */ = {isa = PBXFileReference; lastKnownFileType = image.png; path = "error@3x.png"; sourceTree = "<group>"; };
		DA976A021C7405C700BAD5B3 /* info.png */ = {isa = PBXFileReference; lastKnownFileType = image.png; path = info.png; sourceTree = "<group>"; };
		DA976A031C7405C700BAD5B3 /* info@2x.png */ = {isa = PBXFileReference; lastKnownFileType = image.png; path = "info@2x.png"; sourceTree = "<group>"; };
		DA976A041C7405C700BAD5B3 /* info@3x.png */ = {isa = PBXFileReference; lastKnownFileType = image.png; path = "info@3x.png"; sourceTree = "<group>"; };
		DA976A051C7405C700BAD5B3 /* success.png */ = {isa = PBXFileReference; lastKnownFileType = image.png; path = success.png; sourceTree = "<group>"; };
		DA976A061C7405C700BAD5B3 /* success@2x.png */ = {isa = PBXFileReference; lastKnownFileType = image.png; path = "success@2x.png"; sourceTree = "<group>"; };
		DA976A071C7405C700BAD5B3 /* success@3x.png */ = {isa = PBXFileReference; lastKnownFileType = image.png; path = "success@3x.png"; sourceTree = "<group>"; };
		DA976A081C7405C700BAD5B3 /* MXAlertView.h */ = {isa = PBXFileReference; fileEncoding = 4; lastKnownFileType = sourcecode.c.h; path = MXAlertView.h; sourceTree = "<group>"; };
		DA976A091C7405C700BAD5B3 /* MXAlertView.m */ = {isa = PBXFileReference; fileEncoding = 4; lastKnownFileType = sourcecode.c.objc; path = MXAlertView.m; sourceTree = "<group>"; };
		DA976A141C74090F00BAD5B3 /* get.png */ = {isa = PBXFileReference; lastKnownFileType = image.png; path = get.png; sourceTree = "<group>"; };
		DA976A151C74090F00BAD5B3 /* get@2x.png */ = {isa = PBXFileReference; lastKnownFileType = image.png; path = "get@2x.png"; sourceTree = "<group>"; };
		DA976A161C74090F00BAD5B3 /* get@3x.png */ = {isa = PBXFileReference; lastKnownFileType = image.png; path = "get@3x.png"; sourceTree = "<group>"; };
		DA976A1A1C740EC700BAD5B3 /* scan.png */ = {isa = PBXFileReference; lastKnownFileType = image.png; path = scan.png; sourceTree = "<group>"; };
		DA976A1B1C740EC700BAD5B3 /* scan@2x.png */ = {isa = PBXFileReference; lastKnownFileType = image.png; path = "scan@2x.png"; sourceTree = "<group>"; };
		DA976A1C1C740EC700BAD5B3 /* scan@3x.png */ = {isa = PBXFileReference; lastKnownFileType = image.png; path = "scan@3x.png"; sourceTree = "<group>"; };
/* End PBXFileReference section */

/* Begin PBXFrameworksBuildPhase section */
		DA97699D1C7402F400BAD5B3 /* Frameworks */ = {
			isa = PBXFrameworksBuildPhase;
			buildActionMask = 2147483647;
			files = (
			);
			runOnlyForDeploymentPostprocessing = 0;
		};
		DA9769B61C7402F400BAD5B3 /* Frameworks */ = {
			isa = PBXFrameworksBuildPhase;
			buildActionMask = 2147483647;
			files = (
			);
			runOnlyForDeploymentPostprocessing = 0;
		};
		DA9769C11C7402F400BAD5B3 /* Frameworks */ = {
			isa = PBXFrameworksBuildPhase;
			buildActionMask = 2147483647;
			files = (
			);
			runOnlyForDeploymentPostprocessing = 0;
		};
/* End PBXFrameworksBuildPhase section */

/* Begin PBXGroup section */
		DA9769971C7402F400BAD5B3 = {
			isa = PBXGroup;
			children = (
				DA9769A21C7402F400BAD5B3 /* MXAlertViewDemo */,
				DA9769BC1C7402F400BAD5B3 /* MXAlertViewDemoTests */,
				DA9769C71C7402F400BAD5B3 /* MXAlertViewDemoUITests */,
				DA9769A11C7402F400BAD5B3 /* Products */,
			);
			sourceTree = "<group>";
		};
		DA9769A11C7402F400BAD5B3 /* Products */ = {
			isa = PBXGroup;
			children = (
				DA9769A01C7402F400BAD5B3 /* MXAlertViewDemo.app */,
				DA9769B91C7402F400BAD5B3 /* MXAlertViewDemoTests.xctest */,
				DA9769C41C7402F400BAD5B3 /* MXAlertViewDemoUITests.xctest */,
			);
			name = Products;
			sourceTree = "<group>";
		};
		DA9769A21C7402F400BAD5B3 /* MXAlertViewDemo */ = {
			isa = PBXGroup;
			children = (
				DA9769FD1C7405C700BAD5B3 /* MXAlertView */,
				DA9769A61C7402F400BAD5B3 /* AppDelegate.h */,
				DA9769A71C7402F400BAD5B3 /* AppDelegate.m */,
				DA9769A91C7402F400BAD5B3 /* ViewController.h */,
				DA9769AA1C7402F400BAD5B3 /* ViewController.m */,
				DA9769AC1C7402F400BAD5B3 /* Main.storyboard */,
				DA9769AF1C7402F400BAD5B3 /* Assets.xcassets */,
				DA9769B11C7402F400BAD5B3 /* LaunchScreen.storyboard */,
				DA9769B41C7402F400BAD5B3 /* Info.plist */,
				DA9769A31C7402F400BAD5B3 /* Supporting Files */,
			);
			path = MXAlertViewDemo;
			sourceTree = "<group>";
		};
		DA9769A31C7402F400BAD5B3 /* Supporting Files */ = {
			isa = PBXGroup;
			children = (
				DA9769A41C7402F400BAD5B3 /* main.m */,
			);
			name = "Supporting Files";
			sourceTree = "<group>";
		};
		DA9769BC1C7402F400BAD5B3 /* MXAlertViewDemoTests */ = {
			isa = PBXGroup;
			children = (
				DA9769BD1C7402F400BAD5B3 /* MXAlertViewDemoTests.m */,
				DA9769BF1C7402F400BAD5B3 /* Info.plist */,
			);
			path = MXAlertViewDemoTests;
			sourceTree = "<group>";
		};
		DA9769C71C7402F400BAD5B3 /* MXAlertViewDemoUITests */ = {
			isa = PBXGroup;
			children = (
				DA9769C81C7402F400BAD5B3 /* MXAlertViewDemoUITests.m */,
				DA9769CA1C7402F400BAD5B3 /* Info.plist */,
			);
			path = MXAlertViewDemoUITests;
			sourceTree = "<group>";
		};
		DA9769FD1C7405C700BAD5B3 /* MXAlertView */ = {
			isa = PBXGroup;
			children = (
				DA9769FE1C7405C700BAD5B3 /* images */,
				DA976A081C7405C700BAD5B3 /* MXAlertView.h */,
				DA976A091C7405C700BAD5B3 /* MXAlertView.m */,
			);
			path = MXAlertView;
			sourceTree = "<group>";
		};
		DA9769FE1C7405C700BAD5B3 /* images */ = {
			isa = PBXGroup;
			children = (
				DA976A1A1C740EC700BAD5B3 /* scan.png */,
				DA976A1B1C740EC700BAD5B3 /* scan@2x.png */,
				DA976A1C1C740EC700BAD5B3 /* scan@3x.png */,
				DA976A141C74090F00BAD5B3 /* get.png */,
				DA976A151C74090F00BAD5B3 /* get@2x.png */,
				DA976A161C74090F00BAD5B3 /* get@3x.png */,
				DA9769FF1C7405C700BAD5B3 /* error.png */,
				DA976A001C7405C700BAD5B3 /* error@2x.png */,
				DA976A011C7405C700BAD5B3 /* error@3x.png */,
				DA976A021C7405C700BAD5B3 /* info.png */,
				DA976A031C7405C700BAD5B3 /* info@2x.png */,
				DA976A041C7405C700BAD5B3 /* info@3x.png */,
				DA976A051C7405C700BAD5B3 /* success.png */,
				DA976A061C7405C700BAD5B3 /* success@2x.png */,
				DA976A071C7405C700BAD5B3 /* success@3x.png */,
			);
			path = images;
			sourceTree = "<group>";
		};
/* End PBXGroup section */

/* Begin PBXNativeTarget section */
		DA97699F1C7402F400BAD5B3 /* MXAlertViewDemo */ = {
			isa = PBXNativeTarget;
			buildConfigurationList = DA9769CD1C7402F400BAD5B3 /* Build configuration list for PBXNativeTarget "MXAlertViewDemo" */;
			buildPhases = (
				DA97699C1C7402F400BAD5B3 /* Sources */,
				DA97699D1C7402F400BAD5B3 /* Frameworks */,
				DA97699E1C7402F400BAD5B3 /* Resources */,
			);
			buildRules = (
			);
			dependencies = (
			);
			name = MXAlertViewDemo;
			productName = MXAlertViewDemo;
			productReference = DA9769A01C7402F400BAD5B3 /* MXAlertViewDemo.app */;
			productType = "com.apple.product-type.application";
		};
		DA9769B81C7402F400BAD5B3 /* MXAlertViewDemoTests */ = {
			isa = PBXNativeTarget;
			buildConfigurationList = DA9769D01C7402F400BAD5B3 /* Build configuration list for PBXNativeTarget "MXAlertViewDemoTests" */;
			buildPhases = (
				DA9769B51C7402F400BAD5B3 /* Sources */,
				DA9769B61C7402F400BAD5B3 /* Frameworks */,
				DA9769B71C7402F400BAD5B3 /* Resources */,
			);
			buildRules = (
			);
			dependencies = (
				DA9769BB1C7402F400BAD5B3 /* PBXTargetDependency */,
			);
			name = MXAlertViewDemoTests;
			productName = MXAlertViewDemoTests;
			productReference = DA9769B91C7402F400BAD5B3 /* MXAlertViewDemoTests.xctest */;
			productType = "com.apple.product-type.bundle.unit-test";
		};
		DA9769C31C7402F400BAD5B3 /* MXAlertViewDemoUITests */ = {
			isa = PBXNativeTarget;
			buildConfigurationList = DA9769D31C7402F400BAD5B3 /* Build configuration list for PBXNativeTarget "MXAlertViewDemoUITests" */;
			buildPhases = (
				DA9769C01C7402F400BAD5B3 /* Sources */,
				DA9769C11C7402F400BAD5B3 /* Frameworks */,
				DA9769C21C7402F400BAD5B3 /* Resources */,
			);
			buildRules = (
			);
			dependencies = (
				DA9769C61C7402F400BAD5B3 /* PBXTargetDependency */,
			);
			name = MXAlertViewDemoUITests;
			productName = MXAlertViewDemoUITests;
			productReference = DA9769C41C7402F400BAD5B3 /* MXAlertViewDemoUITests.xctest */;
			productType = "com.apple.product-type.bundle.ui-testing";
		};
/* End PBXNativeTarget section */

/* Begin PBXProject section */
		DA9769981C7402F400BAD5B3 /* Project object */ = {
			isa = PBXProject;
			attributes = {
				LastUpgradeCheck = 0720;
				ORGANIZATIONNAME = MX;
				TargetAttributes = {
					DA97699F1C7402F400BAD5B3 = {
						CreatedOnToolsVersion = 7.2;
					};
					DA9769B81C7402F400BAD5B3 = {
						CreatedOnToolsVersion = 7.2;
						TestTargetID = DA97699F1C7402F400BAD5B3;
					};
					DA9769C31C7402F400BAD5B3 = {
						CreatedOnToolsVersion = 7.2;
						TestTargetID = DA97699F1C7402F400BAD5B3;
					};
				};
			};
			buildConfigurationList = DA97699B1C7402F400BAD5B3 /* Build configuration list for PBXProject "MXAlertViewDemo" */;
			compatibilityVersion = "Xcode 3.2";
			developmentRegion = English;
			hasScannedForEncodings = 0;
			knownRegions = (
				en,
				Base,
			);
			mainGroup = DA9769971C7402F400BAD5B3;
			productRefGroup = DA9769A11C7402F400BAD5B3 /* Products */;
			projectDirPath = "";
			projectRoot = "";
			targets = (
				DA97699F1C7402F400BAD5B3 /* MXAlertViewDemo */,
				DA9769B81C7402F400BAD5B3 /* MXAlertViewDemoTests */,
				DA9769C31C7402F400BAD5B3 /* MXAlertViewDemoUITests */,
			);
		};
/* End PBXProject section */

/* Begin PBXResourcesBuildPhase section */
		DA97699E1C7402F400BAD5B3 /* Resources */ = {
			isa = PBXResourcesBuildPhase;
			buildActionMask = 2147483647;
			files = (
				DA976A1D1C740EC700BAD5B3 /* scan.png in Resources */,
				DA976A0F1C7405C700BAD5B3 /* info@3x.png in Resources */,
				DA976A1F1C740EC700BAD5B3 /* scan@3x.png in Resources */,
				DA976A111C7405C700BAD5B3 /* success@2x.png in Resources */,
				DA976A1E1C740EC700BAD5B3 /* scan@2x.png in Resources */,
				DA976A191C74090F00BAD5B3 /* get@3x.png in Resources */,
				DA976A0C1C7405C700BAD5B3 /* error@3x.png in Resources */,
				DA976A181C74090F00BAD5B3 /* get@2x.png in Resources */,
				DA976A0D1C7405C700BAD5B3 /* info.png in Resources */,
				DA9769B31C7402F400BAD5B3 /* LaunchScreen.storyboard in Resources */,
				DA976A0B1C7405C700BAD5B3 /* error@2x.png in Resources */,
				DA976A171C74090F00BAD5B3 /* get.png in Resources */,
				DA976A0E1C7405C700BAD5B3 /* info@2x.png in Resources */,
				DA9769B01C7402F400BAD5B3 /* Assets.xcassets in Resources */,
				DA976A101C7405C700BAD5B3 /* success.png in Resources */,
				DA976A121C7405C700BAD5B3 /* success@3x.png in Resources */,
				DA976A0A1C7405C700BAD5B3 /* error.png in Resources */,
				DA9769AE1C7402F400BAD5B3 /* Main.storyboard in Resources */,
			);
			runOnlyForDeploymentPostprocessing = 0;
		};
		DA9769B71C7402F400BAD5B3 /* Resources */ = {
			isa = PBXResourcesBuildPhase;
			buildActionMask = 2147483647;
			files = (
			);
			runOnlyForDeploymentPostprocessing = 0;
		};
		DA9769C21C7402F400BAD5B3 /* Resources */ = {
			isa = PBXResourcesBuildPhase;
			buildActionMask = 2147483647;
			files = (
			);
			runOnlyForDeploymentPostprocessing = 0;
		};
/* End PBXResourcesBuildPhase section */

/* Begin PBXSourcesBuildPhase section */
		DA97699C1C7402F400BAD5B3 /* Sources */ = {
			isa = PBXSourcesBuildPhase;
			buildActionMask = 2147483647;
			files = (
				DA976A131C7405C700BAD5B3 /* MXAlertView.m in Sources */,
				DA9769AB1C7402F400BAD5B3 /* ViewController.m in Sources */,
				DA9769A81C7402F400BAD5B3 /* AppDelegate.m in Sources */,
				DA9769A51C7402F400BAD5B3 /* main.m in Sources */,
			);
			runOnlyForDeploymentPostprocessing = 0;
		};
		DA9769B51C7402F400BAD5B3 /* Sources */ = {
			isa = PBXSourcesBuildPhase;
			buildActionMask = 2147483647;
			files = (
				DA9769BE1C7402F400BAD5B3 /* MXAlertViewDemoTests.m in Sources */,
			);
			runOnlyForDeploymentPostprocessing = 0;
		};
		DA9769C01C7402F400BAD5B3 /* Sources */ = {
			isa = PBXSourcesBuildPhase;
			buildActionMask = 2147483647;
			files = (
				DA9769C91C7402F400BAD5B3 /* MXAlertViewDemoUITests.m in Sources */,
			);
			runOnlyForDeploymentPostprocessing = 0;
		};
/* End PBXSourcesBuildPhase section */

/* Begin PBXTargetDependency section */
		DA9769BB1C7402F400BAD5B3 /* PBXTargetDependency */ = {
			isa = PBXTargetDependency;
			target = DA97699F1C7402F400BAD5B3 /* MXAlertViewDemo */;
			targetProxy = DA9769BA1C7402F400BAD5B3 /* PBXContainerItemProxy */;
		};
		DA9769C61C7402F400BAD5B3 /* PBXTargetDependency */ = {
			isa = PBXTargetDependency;
			target = DA97699F1C7402F400BAD5B3 /* MXAlertViewDemo */;
			targetProxy = DA9769C51C7402F400BAD5B3 /* PBXContainerItemProxy */;
		};
/* End PBXTargetDependency section */

/* Begin PBXVariantGroup section */
		DA9769AC1C7402F400BAD5B3 /* Main.storyboard */ = {
			isa = PBXVariantGroup;
			children = (
				DA9769AD1C7402F400BAD5B3 /* Base */,
			);
			name = Main.storyboard;
			sourceTree = "<group>";
		};
		DA9769B11C7402F400BAD5B3 /* LaunchScreen.storyboard */ = {
			isa = PBXVariantGroup;
			children = (
				DA9769B21C7402F400BAD5B3 /* Base */,
			);
			name = LaunchScreen.storyboard;
			sourceTree = "<group>";
		};
/* End PBXVariantGroup section */

/* Begin XCBuildConfiguration section */
		DA9769CB1C7402F400BAD5B3 /* Debug */ = {
			isa = XCBuildConfiguration;
			buildSettings = {
				ALWAYS_SEARCH_USER_PATHS = NO;
				CLANG_CXX_LANGUAGE_STANDARD = "gnu++0x";
				CLANG_CXX_LIBRARY = "libc++";
				CLANG_ENABLE_MODULES = YES;
				CLANG_ENABLE_OBJC_ARC = YES;
				CLANG_WARN_BOOL_CONVERSION = YES;
				CLANG_WARN_CONSTANT_CONVERSION = YES;
				CLANG_WARN_DIRECT_OBJC_ISA_USAGE = YES_ERROR;
				CLANG_WARN_EMPTY_BODY = YES;
				CLANG_WARN_ENUM_CONVERSION = YES;
				CLANG_WARN_INT_CONVERSION = YES;
				CLANG_WARN_OBJC_ROOT_CLASS = YES_ERROR;
				CLANG_WARN_UNREACHABLE_CODE = YES;
				CLANG_WARN__DUPLICATE_METHOD_MATCH = YES;
				"CODE_SIGN_IDENTITY[sdk=iphoneos*]" = "iPhone Developer";
				COPY_PHASE_STRIP = NO;
				DEBUG_INFORMATION_FORMAT = dwarf;
				ENABLE_STRICT_OBJC_MSGSEND = YES;
				ENABLE_TESTABILITY = YES;
				GCC_C_LANGUAGE_STANDARD = gnu99;
				GCC_DYNAMIC_NO_PIC = NO;
				GCC_NO_COMMON_BLOCKS = YES;
				GCC_OPTIMIZATION_LEVEL = 0;
				GCC_PREPROCESSOR_DEFINITIONS = (
					"DEBUG=1",
					"$(inherited)",
				);
				GCC_WARN_64_TO_32_BIT_CONVERSION = YES;
				GCC_WARN_ABOUT_RETURN_TYPE = YES_ERROR;
				GCC_WARN_UNDECLARED_SELECTOR = YES;
				GCC_WARN_UNINITIALIZED_AUTOS = YES_AGGRESSIVE;
				GCC_WARN_UNUSED_FUNCTION = YES;
				GCC_WARN_UNUSED_VARIABLE = YES;
				IPHONEOS_DEPLOYMENT_TARGET = 9.2;
				MTL_ENABLE_DEBUG_INFO = YES;
				ONLY_ACTIVE_ARCH = YES;
				SDKROOT = iphoneos;
				TARGETED_DEVICE_FAMILY = "1,2";
			};
			name = Debug;
		};
		DA9769CC1C7402F400BAD5B3 /* Release */ = {
			isa = XCBuildConfiguration;
			buildSettings = {
				ALWAYS_SEARCH_USER_PATHS = NO;
				CLANG_CXX_LANGUAGE_STANDARD = "gnu++0x";
				CLANG_CXX_LIBRARY = "libc++";
				CLANG_ENABLE_MODULES = YES;
				CLANG_ENABLE_OBJC_ARC = YES;
				CLANG_WARN_BOOL_CONVERSION = YES;
				CLANG_WARN_CONSTANT_CONVERSION = YES;
				CLANG_WARN_DIRECT_OBJC_ISA_USAGE = YES_ERROR;
				CLANG_WARN_EMPTY_BODY = YES;
				CLANG_WARN_ENUM_CONVERSION = YES;
				CLANG_WARN_INT_CONVERSION = YES;
				CLANG_WARN_OBJC_ROOT_CLASS = YES_ERROR;
				CLANG_WARN_UNREACHABLE_CODE = YES;
				CLANG_WARN__DUPLICATE_METHOD_MATCH = YES;
				"CODE_SIGN_IDENTITY[sdk=iphoneos*]" = "iPhone Developer";
				COPY_PHASE_STRIP = NO;
				DEBUG_INFORMATION_FORMAT = "dwarf-with-dsym";
				ENABLE_NS_ASSERTIONS = NO;
				ENABLE_STRICT_OBJC_MSGSEND = YES;
				GCC_C_LANGUAGE_STANDARD = gnu99;
				GCC_NO_COMMON_BLOCKS = YES;
				GCC_WARN_64_TO_32_BIT_CONVERSION = YES;
				GCC_WARN_ABOUT_RETURN_TYPE = YES_ERROR;
				GCC_WARN_UNDECLARED_SELECTOR = YES;
				GCC_WARN_UNINITIALIZED_AUTOS = YES_AGGRESSIVE;
				GCC_WARN_UNUSED_FUNCTION = YES;
				GCC_WARN_UNUSED_VARIABLE = YES;
				IPHONEOS_DEPLOYMENT_TARGET = 9.2;
				MTL_ENABLE_DEBUG_INFO = NO;
				SDKROOT = iphoneos;
				TARGETED_DEVICE_FAMILY = "1,2";
				VALIDATE_PRODUCT = YES;
			};
			name = Release;
		};
		DA9769CE1C7402F400BAD5B3 /* Debug */ = {
			isa = XCBuildConfiguration;
			buildSettings = {
				ASSETCATALOG_COMPILER_APPICON_NAME = AppIcon;
				INFOPLIST_FILE = MXAlertViewDemo/Info.plist;
				LD_RUNPATH_SEARCH_PATHS = "$(inherited) @executable_path/Frameworks";
				PRODUCT_BUNDLE_IDENTIFIER = com.vansoe.MXAlertViewDemo;
				PRODUCT_NAME = "$(TARGET_NAME)";
			};
			name = Debug;
		};
		DA9769CF1C7402F400BAD5B3 /* Release */ = {
			isa = XCBuildConfiguration;
			buildSettings = {
				ASSETCATALOG_COMPILER_APPICON_NAME = AppIcon;
				INFOPLIST_FILE = MXAlertViewDemo/Info.plist;
				LD_RUNPATH_SEARCH_PATHS = "$(inherited) @executable_path/Frameworks";
				PRODUCT_BUNDLE_IDENTIFIER = com.vansoe.MXAlertViewDemo;
				PRODUCT_NAME = "$(TARGET_NAME)";
			};
			name = Release;
		};
		DA9769D11C7402F400BAD5B3 /* Debug */ = {
			isa = XCBuildConfiguration;
			buildSettings = {
				BUNDLE_LOADER = "$(TEST_HOST)";
				INFOPLIST_FILE = MXAlertViewDemoTests/Info.plist;
				LD_RUNPATH_SEARCH_PATHS = "$(inherited) @executable_path/Frameworks @loader_path/Frameworks";
				PRODUCT_BUNDLE_IDENTIFIER = com.vansoe.MXAlertViewDemoTests;
				PRODUCT_NAME = "$(TARGET_NAME)";
				TEST_HOST = "$(BUILT_PRODUCTS_DIR)/MXAlertViewDemo.app/MXAlertViewDemo";
			};
			name = Debug;
		};
		DA9769D21C7402F400BAD5B3 /* Release */ = {
			isa = XCBuildConfiguration;
			buildSettings = {
				BUNDLE_LOADER = "$(TEST_HOST)";
				INFOPLIST_FILE = MXAlertViewDemoTests/Info.plist;
				LD_RUNPATH_SEARCH_PATHS = "$(inherited) @executable_path/Frameworks @loader_path/Frameworks";
				PRODUCT_BUNDLE_IDENTIFIER = com.vansoe.MXAlertViewDemoTests;
				PRODUCT_NAME = "$(TARGET_NAME)";
				TEST_HOST = "$(BUILT_PRODUCTS_DIR)/MXAlertViewDemo.app/MXAlertViewDemo";
			};
			name = Release;
		};
		DA9769D41C7402F400BAD5B3 /* Debug */ = {
			isa = XCBuildConfiguration;
			buildSettings = {
				INFOPLIST_FILE = MXAlertViewDemoUITests/Info.plist;
				LD_RUNPATH_SEARCH_PATHS = "$(inherited) @executable_path/Frameworks @loader_path/Frameworks";
				PRODUCT_BUNDLE_IDENTIFIER = com.vansoe.MXAlertViewDemoUITests;
				PRODUCT_NAME = "$(TARGET_NAME)";
				TEST_TARGET_NAME = MXAlertViewDemo;
				USES_XCTRUNNER = YES;
			};
			name = Debug;
		};
		DA9769D51C7402F400BAD5B3 /* Release */ = {
			isa = XCBuildConfiguration;
			buildSettings = {
				INFOPLIST_FILE = MXAlertViewDemoUITests/Info.plist;
				LD_RUNPATH_SEARCH_PATHS = "$(inherited) @executable_path/Frameworks @loader_path/Frameworks";
				PRODUCT_BUNDLE_IDENTIFIER = com.vansoe.MXAlertViewDemoUITests;
				PRODUCT_NAME = "$(TARGET_NAME)";
				TEST_TARGET_NAME = MXAlertViewDemo;
				USES_XCTRUNNER = YES;
			};
			name = Release;
		};
/* End XCBuildConfiguration section */

/* Begin XCConfigurationList section */
		DA97699B1C7402F400BAD5B3 /* Build configuration list for PBXProject "MXAlertViewDemo" */ = {
			isa = XCConfigurationList;
			buildConfigurations = (
				DA9769CB1C7402F400BAD5B3 /* Debug */,
				DA9769CC1C7402F400BAD5B3 /* Release */,
			);
			defaultConfigurationIsVisible = 0;
			defaultConfigurationName = Release;
		};
		DA9769CD1C7402F400BAD5B3 /* Build configuration list for PBXNativeTarget "MXAlertViewDemo" */ = {
			isa = XCConfigurationList;
			buildConfigurations = (
				DA9769CE1C7402F400BAD5B3 /* Debug */,
				DA9769CF1C7402F400BAD5B3 /* Release */,
			);
			defaultConfigurationIsVisible = 0;
		};
		DA9769D01C7402F400BAD5B3 /* Build configuration list for PBXNativeTarget "MXAlertViewDemoTests" */ = {
			isa = XCConfigurationList;
			buildConfigurations = (
				DA9769D11C7402F400BAD5B3 /* Debug */,
				DA9769D21C7402F400BAD5B3 /* Release */,
			);
			defaultConfigurationIsVisible = 0;
		};
		DA9769D31C7402F400BAD5B3 /* Build configuration list for PBXNativeTarget "MXAlertViewDemoUITests" */ = {
			isa = XCConfigurationList;
			buildConfigurations = (
				DA9769D41C7402F400BAD5B3 /* Debug */,
				DA9769D51C7402F400BAD5B3 /* Release */,
			);
			defaultConfigurationIsVisible = 0;
		};
/* End XCConfigurationList section */
	};
	rootObject = DA9769981C7402F400BAD5B3 /* Project object */;
}
